// !$*UTF8*$!
{
	archiveVersion = 1;
	classes = {
	};
	objectVersion = 55;
	objects = {

/* Begin PBXBuildFile section */
		20D78FDC42118BBB0BFE668C /* Pods_NewsList_Murzaliev.framework in Frameworks */ = {isa = PBXBuildFile; fileRef = BE4C821A1D925E9E8D553793 /* Pods_NewsList_Murzaliev.framework */; };
		DD665ED027BBD115002364DD /* AppDelegate.swift in Sources */ = {isa = PBXBuildFile; fileRef = DD665ECF27BBD115002364DD /* AppDelegate.swift */; };
		DD665ED227BBD115002364DD /* SceneDelegate.swift in Sources */ = {isa = PBXBuildFile; fileRef = DD665ED127BBD115002364DD /* SceneDelegate.swift */; };
		DD665ED427BBD115002364DD /* MainViewController.swift in Sources */ = {isa = PBXBuildFile; fileRef = DD665ED327BBD115002364DD /* MainViewController.swift */; };
		DD665ED727BBD115002364DD /* Main.storyboard in Resources */ = {isa = PBXBuildFile; fileRef = DD665ED527BBD115002364DD /* Main.storyboard */; };
		DD665ED927BBD116002364DD /* Assets.xcassets in Resources */ = {isa = PBXBuildFile; fileRef = DD665ED827BBD116002364DD /* Assets.xcassets */; };
		DD665EDC27BBD116002364DD /* LaunchScreen.storyboard in Resources */ = {isa = PBXBuildFile; fileRef = DD665EDA27BBD116002364DD /* LaunchScreen.storyboard */; };
		DD665EE427BBD973002364DD /* NewsTableViewCell.swift in Sources */ = {isa = PBXBuildFile; fileRef = DD665EE327BBD973002364DD /* NewsTableViewCell.swift */; };
		DD665EE627BBDE38002364DD /* NewsModel.swift in Sources */ = {isa = PBXBuildFile; fileRef = DD665EE527BBDE38002364DD /* NewsModel.swift */; };
/* End PBXBuildFile section */

/* Begin PBXFileReference section */
		A7D8993EFAB77D3BAF732DDF /* Pods-NewsList-Murzaliev.debug.xcconfig */ = {isa = PBXFileReference; includeInIndex = 1; lastKnownFileType = text.xcconfig; name = "Pods-NewsList-Murzaliev.debug.xcconfig"; path = "Target Support Files/Pods-NewsList-Murzaliev/Pods-NewsList-Murzaliev.debug.xcconfig"; sourceTree = "<group>"; };
		AC67DAD776563DEA353FC952 /* Pods-NewsList-Murzaliev.release.xcconfig */ = {isa = PBXFileReference; includeInIndex = 1; lastKnownFileType = text.xcconfig; name = "Pods-NewsList-Murzaliev.release.xcconfig"; path = "Target Support Files/Pods-NewsList-Murzaliev/Pods-NewsList-Murzaliev.release.xcconfig"; sourceTree = "<group>"; };
		BE4C821A1D925E9E8D553793 /* Pods_NewsList_Murzaliev.framework */ = {isa = PBXFileReference; explicitFileType = wrapper.framework; includeInIndex = 0; path = Pods_NewsList_Murzaliev.framework; sourceTree = BUILT_PRODUCTS_DIR; };
		DD665ECC27BBD115002364DD /* NewsList-Murzaliev.app */ = {isa = PBXFileReference; explicitFileType = wrapper.application; includeInIndex = 0; path = "NewsList-Murzaliev.app"; sourceTree = BUILT_PRODUCTS_DIR; };
		DD665ECF27BBD115002364DD /* AppDelegate.swift */ = {isa = PBXFileReference; lastKnownFileType = sourcecode.swift; path = AppDelegate.swift; sourceTree = "<group>"; };
		DD665ED127BBD115002364DD /* SceneDelegate.swift */ = {isa = PBXFileReference; lastKnownFileType = sourcecode.swift; path = SceneDelegate.swift; sourceTree = "<group>"; };
		DD665ED327BBD115002364DD /* MainViewController.swift */ = {isa = PBXFileReference; lastKnownFileType = sourcecode.swift; path = MainViewController.swift; sourceTree = "<group>"; };
		DD665ED627BBD115002364DD /* Base */ = {isa = PBXFileReference; lastKnownFileType = file.storyboard; name = Base; path = Base.lproj/Main.storyboard; sourceTree = "<group>"; };
		DD665ED827BBD116002364DD /* Assets.xcassets */ = {isa = PBXFileReference; lastKnownFileType = folder.assetcatalog; path = Assets.xcassets; sourceTree = "<group>"; };
		DD665EDB27BBD116002364DD /* Base */ = {isa = PBXFileReference; lastKnownFileType = file.storyboard; name = Base; path = Base.lproj/LaunchScreen.storyboard; sourceTree = "<group>"; };
		DD665EDD27BBD116002364DD /* Info.plist */ = {isa = PBXFileReference; lastKnownFileType = text.plist.xml; path = Info.plist; sourceTree = "<group>"; };
		DD665EE327BBD973002364DD /* NewsTableViewCell.swift */ = {isa = PBXFileReference; lastKnownFileType = sourcecode.swift; path = NewsTableViewCell.swift; sourceTree = "<group>"; };
		DD665EE527BBDE38002364DD /* NewsModel.swift */ = {isa = PBXFileReference; lastKnownFileType = sourcecode.swift; path = NewsModel.swift; sourceTree = "<group>"; };
/* End PBXFileReference section */

/* Begin PBXFrameworksBuildPhase section */
		DD665EC927BBD115002364DD /* Frameworks */ = {
			isa = PBXFrameworksBuildPhase;
			buildActionMask = 2147483647;
			files = (
				20D78FDC42118BBB0BFE668C /* Pods_NewsList_Murzaliev.framework in Frameworks */,
			);
			runOnlyForDeploymentPostprocessing = 0;
		};
/* End PBXFrameworksBuildPhase section */

/* Begin PBXGroup section */
		8E552CFBD581FF27B9C5B833 /* Pods */ = {
			isa = PBXGroup;
			children = (
				A7D8993EFAB77D3BAF732DDF /* Pods-NewsList-Murzaliev.debug.xcconfig */,
				AC67DAD776563DEA353FC952 /* Pods-NewsList-Murzaliev.release.xcconfig */,
			);
			path = Pods;
			sourceTree = "<group>";
		};
		94CC13A9B52E2BDDD1B1B505 /* Frameworks */ = {
			isa = PBXGroup;
			children = (
				BE4C821A1D925E9E8D553793 /* Pods_NewsList_Murzaliev.framework */,
			);
			name = Frameworks;
			sourceTree = "<group>";
		};
		DD665EC327BBD115002364DD = {
			isa = PBXGroup;
			children = (
				DD665ECE27BBD115002364DD /* NewsList-Murzaliev */,
				DD665ECD27BBD115002364DD /* Products */,
				8E552CFBD581FF27B9C5B833 /* Pods */,
				94CC13A9B52E2BDDD1B1B505 /* Frameworks */,
			);
			sourceTree = "<group>";
		};
		DD665ECD27BBD115002364DD /* Products */ = {
			isa = PBXGroup;
			children = (
				DD665ECC27BBD115002364DD /* NewsList-Murzaliev.app */,
			);
			name = Products;
			sourceTree = "<group>";
		};
		DD665ECE27BBD115002364DD /* NewsList-Murzaliev */ = {
			isa = PBXGroup;
			children = (
				DD665ECF27BBD115002364DD /* AppDelegate.swift */,
				DD665ED127BBD115002364DD /* SceneDelegate.swift */,
				DD665ED327BBD115002364DD /* MainViewController.swift */,
				DD665EE327BBD973002364DD /* NewsTableViewCell.swift */,
				DD665ED527BBD115002364DD /* Main.storyboard */,
				DD665ED827BBD116002364DD /* Assets.xcassets */,
				DD665EDA27BBD116002364DD /* LaunchScreen.storyboard */,
				DD665EDD27BBD116002364DD /* Info.plist */,
				DD665EE527BBDE38002364DD /* NewsModel.swift */,
			);
			path = "NewsList-Murzaliev";
			sourceTree = "<group>";
		};
/* End PBXGroup section */

/* Begin PBXNativeTarget section */
		DD665ECB27BBD115002364DD /* NewsList-Murzaliev */ = {
			isa = PBXNativeTarget;
			buildConfigurationList = DD665EE027BBD116002364DD /* Build configuration list for PBXNativeTarget "NewsList-Murzaliev" */;
			buildPhases = (
				91021DE2552C76A6E5DEAA09 /* [CP] Check Pods Manifest.lock */,
				DD665EC827BBD115002364DD /* Sources */,
				DD665EC927BBD115002364DD /* Frameworks */,
				DD665ECA27BBD115002364DD /* Resources */,
				1517538208C7335CF6C46DF5 /* [CP] Embed Pods Frameworks */,
			);
			buildRules = (
			);
			dependencies = (
			);
			name = "NewsList-Murzaliev";
			productName = "NewsList-Murzaliev";
			productReference = DD665ECC27BBD115002364DD /* NewsList-Murzaliev.app */;
			productType = "com.apple.product-type.application";
		};
/* End PBXNativeTarget section */

/* Begin PBXProject section */
		DD665EC427BBD115002364DD /* Project object */ = {
			isa = PBXProject;
			attributes = {
				BuildIndependentTargetsInParallel = 1;
				LastSwiftUpdateCheck = 1320;
				LastUpgradeCheck = 1320;
				TargetAttributes = {
					DD665ECB27BBD115002364DD = {
						CreatedOnToolsVersion = 13.2.1;
					};
				};
			};
			buildConfigurationList = DD665EC727BBD115002364DD /* Build configuration list for PBXProject "NewsList-Murzaliev" */;
			compatibilityVersion = "Xcode 13.0";
			developmentRegion = en;
			hasScannedForEncodings = 0;
			knownRegions = (
				en,
				Base,
			);
			mainGroup = DD665EC327BBD115002364DD;
			productRefGroup = DD665ECD27BBD115002364DD /* Products */;
			projectDirPath = "";
			projectRoot = "";
			targets = (
				DD665ECB27BBD115002364DD /* NewsList-Murzaliev */,
			);
		};
/* End PBXProject section */

/* Begin PBXResourcesBuildPhase section */
		DD665ECA27BBD115002364DD /* Resources */ = {
			isa = PBXResourcesBuildPhase;
			buildActionMask = 2147483647;
			files = (
				DD665EDC27BBD116002364DD /* LaunchScreen.storyboard in Resources */,
				DD665ED927BBD116002364DD /* Assets.xcassets in Resources */,
				DD665ED727BBD115002364DD /* Main.storyboard in Resources */,
			);
			runOnlyForDeploymentPostprocessing = 0;
		};
/* End PBXResourcesBuildPhase section */

/* Begin PBXShellScriptBuildPhase section */
		1517538208C7335CF6C46DF5 /* [CP] Embed Pods Frameworks */ = {
			isa = PBXShellScriptBuildPhase;
			buildActionMask = 2147483647;
			files = (
			);
			inputFileListPaths = (
				"${PODS_ROOT}/Target Support Files/Pods-NewsList-Murzaliev/Pods-NewsList-Murzaliev-frameworks-${CONFIGURATION}-input-files.xcfilelist",
			);
			name = "[CP] Embed Pods Frameworks";
			outputFileListPaths = (
				"${PODS_ROOT}/Target Support Files/Pods-NewsList-Murzaliev/Pods-NewsList-Murzaliev-frameworks-${CONFIGURATION}-output-files.xcfilelist",
			);
			runOnlyForDeploymentPostprocessing = 0;
			shellPath = /bin/sh;
			shellScript = "\"${PODS_ROOT}/Target Support Files/Pods-NewsList-Murzaliev/Pods-NewsList-Murzaliev-frameworks.sh\"\n";
			showEnvVarsInLog = 0;
		};
		91021DE2552C76A6E5DEAA09 /* [CP] Check Pods Manifest.lock */ = {
			isa = PBXShellScriptBuildPhase;
			buildActionMask = 2147483647;
			files = (
			);
			inputFileListPaths = (
			);
			inputPaths = (
				"${PODS_PODFILE_DIR_PATH}/Podfile.lock",
				"${PODS_ROOT}/Manifest.lock",
			);
			name = "[CP] Check Pods Manifest.lock";
			outputFileListPaths = (
			);
			outputPaths = (
				"$(DERIVED_FILE_DIR)/Pods-NewsList-Murzaliev-checkManifestLockResult.txt",
			);
			runOnlyForDeploymentPostprocessing = 0;
			shellPath = /bin/sh;
			shellScript = "diff \"${PODS_PODFILE_DIR_PATH}/Podfile.lock\" \"${PODS_ROOT}/Manifest.lock\" > /dev/null\nif [ $? != 0 ] ; then\n    # print error to STDERR\n    echo \"error: The sandbox is not in sync with the Podfile.lock. Run 'pod install' or update your CocoaPods installation.\" >&2\n    exit 1\nfi\n# This output is used by Xcode 'outputs' to avoid re-running this script phase.\necho \"SUCCESS\" > \"${SCRIPT_OUTPUT_FILE_0}\"\n";
			showEnvVarsInLog = 0;
		};
/* End PBXShellScriptBuildPhase section */

/* Begin PBXSourcesBuildPhase section */
		DD665EC827BBD115002364DD /* Sources */ = {
			isa = PBXSourcesBuildPhase;
			buildActionMask = 2147483647;
			files = (
				DD665ED427BBD115002364DD /* MainViewController.swift in Sources */,
				DD665ED027BBD115002364DD /* AppDelegate.swift in Sources */,
				DD665EE427BBD973002364DD /* NewsTableViewCell.swift in Sources */,
				DD665ED227BBD115002364DD /* SceneDelegate.swift in Sources */,
				DD665EE627BBDE38002364DD /* NewsModel.swift in Sources */,
			);
			runOnlyForDeploymentPostprocessing = 0;
		};
/* End PBXSourcesBuildPhase section */

/* Begin PBXVariantGroup section */
		DD665ED527BBD115002364DD /* Main.storyboard */ = {
			isa = PBXVariantGroup;
			children = (
				DD665ED627BBD115002364DD /* Base */,
			);
			name = Main.storyboard;
			sourceTree = "<group>";
		};
		DD665EDA27BBD116002364DD /* LaunchScreen.storyboard */ = {
			isa = PBXVariantGroup;
			children = (
				DD665EDB27BBD116002364DD /* Base */,
			);
			name = LaunchScreen.storyboard;
			sourceTree = "<group>";
		};
/* End PBXVariantGroup section */

/* Begin XCBuildConfiguration section */
		DD665EDE27BBD116002364DD /* Debug */ = {
			isa = XCBuildConfiguration;
			buildSettings = {
				ALWAYS_SEARCH_USER_PATHS = NO;
				CLANG_ANALYZER_NONNULL = YES;
				CLANG_ANALYZER_NUMBER_OBJECT_CONVERSION = YES_AGGRESSIVE;
				CLANG_CXX_LANGUAGE_STANDARD = "gnu++17";
				CLANG_CXX_LIBRARY = "libc++";
				CLANG_ENABLE_MODULES = YES;
				CLANG_ENABLE_OBJC_ARC = YES;
				CLANG_ENABLE_OBJC_WEAK = YES;
				CLANG_WARN_BLOCK_CAPTURE_AUTORELEASING = YES;
				CLANG_WARN_BOOL_CONVERSION = YES;
				CLANG_WARN_COMMA = YES;
				CLANG_WARN_CONSTANT_CONVERSION = YES;
				CLANG_WARN_DEPRECATED_OBJC_IMPLEMENTATIONS = YES;
				CLANG_WARN_DIRECT_OBJC_ISA_USAGE = YES_ERROR;
				CLANG_WARN_DOCUMENTATION_COMMENTS = YES;
				CLANG_WARN_EMPTY_BODY = YES;
				CLANG_WARN_ENUM_CONVERSION = YES;
				CLANG_WARN_INFINITE_RECURSION = YES;
				CLANG_WARN_INT_CONVERSION = YES;
				CLANG_WARN_NON_LITERAL_NULL_CONVERSION = YES;
				CLANG_WARN_OBJC_IMPLICIT_RETAIN_SELF = YES;
				CLANG_WARN_OBJC_LITERAL_CONVERSION = YES;
				CLANG_WARN_OBJC_ROOT_CLASS = YES_ERROR;
				CLANG_WARN_QUOTED_INCLUDE_IN_FRAMEWORK_HEADER = YES;
				CLANG_WARN_RANGE_LOOP_ANALYSIS = YES;
				CLANG_WARN_STRICT_PROTOTYPES = YES;
				CLANG_WARN_SUSPICIOUS_MOVE = YES;
				CLANG_WARN_UNGUARDED_AVAILABILITY = YES_AGGRESSIVE;
				CLANG_WARN_UNREACHABLE_CODE = YES;
				CLANG_WARN__DUPLICATE_METHOD_MATCH = YES;
				COPY_PHASE_STRIP = NO;
				DEBUG_INFORMATION_FORMAT = dwarf;
				ENABLE_STRICT_OBJC_MSGSEND = YES;
				ENABLE_TESTABILITY = YES;
				GCC_C_LANGUAGE_STANDARD = gnu11;
				GCC_DYNAMIC_NO_PIC = NO;
				GCC_NO_COMMON_BLOCKS = YES;
				GCC_OPTIMIZATION_LEVEL = 0;
				GCC_PREPROCESSOR_DEFINITIONS = (
					"DEBUG=1",
					"$(inherited)",
				);
				GCC_WARN_64_TO_32_BIT_CONVERSION = YES;
				GCC_WARN_ABOUT_RETURN_TYPE = YES_ERROR;
				GCC_WARN_UNDECLARED_SELECTOR = YES;
				GCC_WARN_UNINITIALIZED_AUTOS = YES_AGGRESSIVE;
				GCC_WARN_UNUSED_FUNCTION = YES;
				GCC_WARN_UNUSED_VARIABLE = YES;
				IPHONEOS_DEPLOYMENT_TARGET = 15.2;
				MTL_ENABLE_DEBUG_INFO = INCLUDE_SOURCE;
				MTL_FAST_MATH = YES;
				ONLY_ACTIVE_ARCH = YES;
				SDKROOT = iphoneos;
				SWIFT_ACTIVE_COMPILATION_CONDITIONS = DEBUG;
				SWIFT_OPTIMIZATION_LEVEL = "-Onone";
			};
			name = Debug;
		};
		DD665EDF27BBD116002364DD /* Release */ = {
			isa = XCBuildConfiguration;
			buildSettings = {
				ALWAYS_SEARCH_USER_PATHS = NO;
				CLANG_ANALYZER_NONNULL = YES;
				CLANG_ANALYZER_NUMBER_OBJECT_CONVERSION = YES_AGGRESSIVE;
				CLANG_CXX_LANGUAGE_STANDARD = "gnu++17";
				CLANG_CXX_LIBRARY = "libc++";
				CLANG_ENABLE_MODULES = YES;
				CLANG_ENABLE_OBJC_ARC = YES;
				CLANG_ENABLE_OBJC_WEAK = YES;
				CLANG_WARN_BLOCK_CAPTURE_AUTORELEASING = YES;
				CLANG_WARN_BOOL_CONVERSION = YES;
				CLANG_WARN_COMMA = YES;
				CLANG_WARN_CONSTANT_CONVERSION = YES;
				CLANG_WARN_DEPRECATED_OBJC_IMPLEMENTATIONS = YES;
				CLANG_WARN_DIRECT_OBJC_ISA_USAGE = YES_ERROR;
				CLANG_WARN_DOCUMENTATION_COMMENTS = YES;
				CLANG_WARN_EMPTY_BODY = YES;
				CLANG_WARN_ENUM_CONVERSION = YES;
				CLANG_WARN_INFINITE_RECURSION = YES;
				CLANG_WARN_INT_CONVERSION = YES;
				CLANG_WARN_NON_LITERAL_NULL_CONVERSION = YES;
				CLANG_WARN_OBJC_IMPLICIT_RETAIN_SELF = YES;
				CLANG_WARN_OBJC_LITERAL_CONVERSION = YES;
				CLANG_WARN_OBJC_ROOT_CLASS = YES_ERROR;
				CLANG_WARN_QUOTED_INCLUDE_IN_FRAMEWORK_HEADER = YES;
				CLANG_WARN_RANGE_LOOP_ANALYSIS = YES;
				CLANG_WARN_STRICT_PROTOTYPES = YES;
				CLANG_WARN_SUSPICIOUS_MOVE = YES;
				CLANG_WARN_UNGUARDED_AVAILABILITY = YES_AGGRESSIVE;
				CLANG_WARN_UNREACHABLE_CODE = YES;
				CLANG_WARN__DUPLICATE_METHOD_MATCH = YES;
				COPY_PHASE_STRIP = NO;
				DEBUG_INFORMATION_FORMAT = "dwarf-with-dsym";
				ENABLE_NS_ASSERTIONS = NO;
				ENABLE_STRICT_OBJC_MSGSEND = YES;
				GCC_C_LANGUAGE_STANDARD = gnu11;
				GCC_NO_COMMON_BLOCKS = YES;
				GCC_WARN_64_TO_32_BIT_CONVERSION = YES;
				GCC_WARN_ABOUT_RETURN_TYPE = YES_ERROR;
				GCC_WARN_UNDECLARED_SELECTOR = YES;
				GCC_WARN_UNINITIALIZED_AUTOS = YES_AGGRESSIVE;
				GCC_WARN_UNUSED_FUNCTION = YES;
				GCC_WARN_UNUSED_VARIABLE = YES;
				IPHONEOS_DEPLOYMENT_TARGET = 15.2;
				MTL_ENABLE_DEBUG_INFO = NO;
				MTL_FAST_MATH = YES;
				SDKROOT = iphoneos;
				SWIFT_COMPILATION_MODE = wholemodule;
				SWIFT_OPTIMIZATION_LEVEL = "-O";
				VALIDATE_PRODUCT = YES;
			};
			name = Release;
		};
		DD665EE127BBD116002364DD /* Debug */ = {
			isa = XCBuildConfiguration;
			baseConfigurationReference = A7D8993EFAB77D3BAF732DDF /* Pods-NewsList-Murzaliev.debug.xcconfig */;
			buildSettings = {
				ASSETCATALOG_COMPILER_APPICON_NAME = AppIcon;
				ASSETCATALOG_COMPILER_GLOBAL_ACCENT_COLOR_NAME = AccentColor;
				CODE_SIGN_STYLE = Automatic;
				CURRENT_PROJECT_VERSION = 1;
				DEVELOPMENT_TEAM = G9PZ3UK432;
				GENERATE_INFOPLIST_FILE = YES;
				INFOPLIST_FILE = "NewsList-Murzaliev/Info.plist";
				INFOPLIST_KEY_UIApplicationSupportsIndirectInputEvents = YES;
				INFOPLIST_KEY_UILaunchStoryboardName = LaunchScreen;
				INFOPLIST_KEY_UIMainStoryboardFile = Main;
				INFOPLIST_KEY_UISupportedInterfaceOrientations_iPad = "UIInterfaceOrientationPortrait UIInterfaceOrientationPortraitUpsideDown UIInterfaceOrientationLandscapeLeft UIInterfaceOrientationLandscapeRight";
				INFOPLIST_KEY_UISupportedInterfaceOrientations_iPhone = "UIInterfaceOrientationPortrait UIInterfaceOrientationLandscapeLeft UIInterfaceOrientationLandscapeRight";
				LD_RUNPATH_SEARCH_PATHS = (
					"$(inherited)",
					"@executable_path/Frameworks",
				);
				MARKETING_VERSION = 1.0;
				PRODUCT_BUNDLE_IDENTIFIER = "com.practice.home.smurzaliev.NewsList-Murzaliev";
				PRODUCT_NAME = "$(TARGET_NAME)";
				SWIFT_EMIT_LOC_STRINGS = YES;
				SWIFT_VERSION = 5.0;
				TARGETED_DEVICE_FAMILY = "1,2";
			};
			name = Debug;
		};
		DD665EE227BBD116002364DD /* Release */ = {
			isa = XCBuildConfiguration;
			baseConfigurationReference = AC67DAD776563DEA353FC952 /* Pods-NewsList-Murzaliev.release.xcconfig */;
			buildSettings = {
				ASSETCATALOG_COMPILER_APPICON_NAME = AppIcon;
				ASSETCATALOG_COMPILER_GLOBAL_ACCENT_COLOR_NAME = AccentColor;
				CODE_SIGN_STYLE = Automatic;
				CURRENT_PROJECT_VERSION = 1;
				DEVELOPMENT_TEAM = G9PZ3UK432;
				GENERATE_INFOPLIST_FILE = YES;
				INFOPLIST_FILE = "NewsList-Murzaliev/Info.plist";
				INFOPLIST_KEY_UIApplicationSupportsIndirectInputEvents = YES;
				INFOPLIST_KEY_UILaunchStoryboardName = LaunchScreen;
				INFOPLIST_KEY_UIMainStoryboardFile = Main;
				INFOPLIST_KEY_UISupportedInterfaceOrientations_iPad = "UIInterfaceOrientationPortrait UIInterfaceOrientationPortraitUpsideDown UIInterfaceOrientationLandscapeLeft UIInterfaceOrientationLandscapeRight";
				INFOPLIST_KEY_UISupportedInterfaceOrientations_iPhone = "UIInterfaceOrientationPortrait UIInterfaceOrientationLandscapeLeft UIInterfaceOrientationLandscapeRight";
				LD_RUNPATH_SEARCH_PATHS = (
					"$(inherited)",
					"@executable_path/Frameworks",
				);
				MARKETING_VERSION = 1.0;
				PRODUCT_BUNDLE_IDENTIFIER = "com.practice.home.smurzaliev.NewsList-Murzaliev";
				PRODUCT_NAME = "$(TARGET_NAME)";
				SWIFT_EMIT_LOC_STRINGS = YES;
				SWIFT_VERSION = 5.0;
				TARGETED_DEVICE_FAMILY = "1,2";
			};
			name = Release;
		};
/* End XCBuildConfiguration section */

/* Begin XCConfigurationList section */
		DD665EC727BBD115002364DD /* Build configuration list for PBXProject "NewsList-Murzaliev" */ = {
			isa = XCConfigurationList;
			buildConfigurations = (
				DD665EDE27BBD116002364DD /* Debug */,
				DD665EDF27BBD116002364DD /* Release */,
			);
			defaultConfigurationIsVisible = 0;
			defaultConfigurationName = Release;
		};
		DD665EE027BBD116002364DD /* Build configuration list for PBXNativeTarget "NewsList-Murzaliev" */ = {
			isa = XCConfigurationList;
			buildConfigurations = (
				DD665EE127BBD116002364DD /* Debug */,
				DD665EE227BBD116002364DD /* Release */,
			);
			defaultConfigurationIsVisible = 0;
			defaultConfigurationName = Release;
		};
/* End XCConfigurationList section */
	};
	rootObject = DD665EC427BBD115002364DD /* Project object */;
}
